
Microsoft Visual Studio Solution File, Format Version 12.00
# Visual Studio Version 17
VisualStudioVersion = 17.0.31903.59
MinimumVisualStudioVersion = 10.0.40219.1
Project("{F2A71F9B-5D33-465A-A702-920D77279786}") = "GettingStartedWithFSharp", "GettingStartedWithFSharp\GettingStartedWithFSharp.fsproj", "{93DAA6BA-BF81-4829-B07F-9005648D35ED}"
EndProject
Global
	GlobalSection(SolutionConfigurationPlatforms) = preSolution
		Debug|Any CPU = Debug|Any CPU
		Release|Any CPU = Release|Any CPU
	EndGlobalSection
	GlobalSection(ProjectConfigurationPlatforms) = postSolution
		{93DAA6BA-BF81-4829-B07F-9005648D35ED}.Debug|Any CPU.ActiveCfg = Debug|Any CPU
		{93DAA6BA-BF81-4829-B07F-9005648D35ED}.Debug|Any CPU.Build.0 = Debug|Any CPU
		{93DAA6BA-BF81-4829-B07F-9005648D35ED}.Release|Any CPU.ActiveCfg = Release|Any CPU
		{93DAA6BA-BF81-4829-B07F-9005648D35ED}.Release|Any CPU.Build.0 = Release|Any CPU
	EndGlobalSection
	GlobalSection(SolutionProperties) = preSolution
		HideSolutionNode = FALSE
	EndGlobalSection
	GlobalSection(ExtensibilityGlobals) = postSolution
		SolutionGuid = {C77320E2-CBE1-4E5B-9FF8-29C31ACEFF7C}
	EndGlobalSection
EndGlobal
